
Microsoft Visual Studio Solution File, Format Version 12.00
# Visual Studio Version 17
VisualStudioVersion = 17.2.32526.322
MinimumVisualStudioVersion = 10.0.40219.1
Project("{FAE04EC0-301F-11D3-BF4B-00C04F79EFBC}") = "MethodExercise", "MethodExercise\MethodExercise.csproj", "{A9CB7CF3-F7C0-42ED-9E88-BDA3B332C46B}"
EndProject
Global
	GlobalSection(SolutionConfigurationPlatforms) = preSolution
		Debug|Any CPU = Debug|Any CPU
		Release|Any CPU = Release|Any CPU
	EndGlobalSection
	GlobalSection(ProjectConfigurationPlatforms) = postSolution
		{A9CB7CF3-F7C0-42ED-9E88-BDA3B332C46B}.Debug|Any CPU.ActiveCfg = Debug|Any CPU
		{A9CB7CF3-F7C0-42ED-9E88-BDA3B332C46B}.Debug|Any CPU.Build.0 = Debug|Any CPU
		{A9CB7CF3-F7C0-42ED-9E88-BDA3B332C46B}.Release|Any CPU.ActiveCfg = Release|Any CPU
		{A9CB7CF3-F7C0-42ED-9E88-BDA3B332C46B}.Release|Any CPU.Build.0 = Release|Any CPU
	EndGlobalSection
	GlobalSection(SolutionProperties) = preSolution
		HideSolutionNode = FALSE
	EndGlobalSection
	GlobalSection(ExtensibilityGlobals) = postSolution
		SolutionGuid = {FDFD7BAA-93F4-4102-AF05-B943901D8A19}
	EndGlobalSection
EndGlobal
